
Microsoft Visual Studio Solution File, Format Version 12.00
# Visual Studio Version 17
VisualStudioVersion = 17.14.36616.10 d17.14
MinimumVisualStudioVersion = 10.0.40219.1
Project("{FAE04EC0-301F-11D3-BF4B-00C04F79EFBC}") = "Comp_Laba1", "Comp_Laba1\Comp_Laba1.csproj", "{D86B63D3-9096-41D1-8B21-5ED9D1F3D221}"
EndProject
Global
	GlobalSection(SolutionConfigurationPlatforms) = preSolution
		Debug|Any CPU = Debug|Any CPU
		Release|Any CPU = Release|Any CPU
	EndGlobalSection
	GlobalSection(ProjectConfigurationPlatforms) = postSolution
		{D86B63D3-9096-41D1-8B21-5ED9D1F3D221}.Debug|Any CPU.ActiveCfg = Debug|Any CPU
		{D86B63D3-9096-41D1-8B21-5ED9D1F3D221}.Debug|Any CPU.Build.0 = Debug|Any CPU
		{D86B63D3-9096-41D1-8B21-5ED9D1F3D221}.Release|Any CPU.ActiveCfg = Release|Any CPU
		{D86B63D3-9096-41D1-8B21-5ED9D1F3D221}.Release|Any CPU.Build.0 = Release|Any CPU
	EndGlobalSection
	GlobalSection(SolutionProperties) = preSolution
		HideSolutionNode = FALSE
	EndGlobalSection
	GlobalSection(ExtensibilityGlobals) = postSolution
		SolutionGuid = {F003B7D6-748A-4604-ABE7-0150CBFCD794}
	EndGlobalSection
EndGlobal
